# This file is automatically @generated by Cargo.
# It is not intended for manual editing.
version = 4

[[package]]
name = "nil-benchmark-helpers"
version = "0.1.0"
dependencies = [
 "nil-compiler",
 "nil-hir",
 "nil-llvm",
]

[[package]]
name = "nil-compiler"
version = "0.1.0"
dependencies = [
 "nil-hir",
]

[[package]]
name = "nil-hir"
version = "0.1.0"

[[package]]
name = "nil-llvm"
version = "0.1.0"
dependencies = [
 "nil-hir",
]
